
Microsoft Visual Studio Solution File, Format Version 12.00
# Visual Studio Version 17
VisualStudioVersion = 17.14.36603.0 d17.14
MinimumVisualStudioVersion = 10.0.40219.1
Project("{FAE04EC0-301F-11D3-BF4B-00C04F79EFBC}") = "CodeSprint", "CodeSprint\CodeSprint.csproj", "{C9E5F70F-B34F-43F7-983E-88E34625D09A}"
EndProject
Project("{FAE04EC0-301F-11D3-BF4B-00C04F79EFBC}") = "BL", "BL\BL.csproj", "{72D3DA83-F0DF-414F-A36C-D045742A2F50}"
EndProject
Project("{FAE04EC0-301F-11D3-BF4B-00C04F79EFBC}") = "DAL", "DAL\DAL.csproj", "{DBED01FA-6115-4DA2-A7EE-20A623F433A8}"
EndProject
Project("{FAE04EC0-301F-11D3-BF4B-00C04F79EFBC}") = "DTO", "DTO\DTO.csproj", "{CEB654FE-F070-4AFE-9E39-5A15CE82E6AB}"
EndProject
Global
	GlobalSection(SolutionConfigurationPlatforms) = preSolution
		Debug|Any CPU = Debug|Any CPU
		Release|Any CPU = Release|Any CPU
	EndGlobalSection
	GlobalSection(ProjectConfigurationPlatforms) = postSolution
		{C9E5F70F-B34F-43F7-983E-88E34625D09A}.Debug|Any CPU.ActiveCfg = Debug|Any CPU
		{C9E5F70F-B34F-43F7-983E-88E34625D09A}.Debug|Any CPU.Build.0 = Debug|Any CPU
		{C9E5F70F-B34F-43F7-983E-88E34625D09A}.Release|Any CPU.ActiveCfg = Release|Any CPU
		{C9E5F70F-B34F-43F7-983E-88E34625D09A}.Release|Any CPU.Build.0 = Release|Any CPU
		{72D3DA83-F0DF-414F-A36C-D045742A2F50}.Debug|Any CPU.ActiveCfg = Debug|Any CPU
		{72D3DA83-F0DF-414F-A36C-D045742A2F50}.Debug|Any CPU.Build.0 = Debug|Any CPU
		{72D3DA83-F0DF-414F-A36C-D045742A2F50}.Release|Any CPU.ActiveCfg = Release|Any CPU
		{72D3DA83-F0DF-414F-A36C-D045742A2F50}.Release|Any CPU.Build.0 = Release|Any CPU
		{DBED01FA-6115-4DA2-A7EE-20A623F433A8}.Debug|Any CPU.ActiveCfg = Debug|Any CPU
		{DBED01FA-6115-4DA2-A7EE-20A623F433A8}.Debug|Any CPU.Build.0 = Debug|Any CPU
		{DBED01FA-6115-4DA2-A7EE-20A623F433A8}.Release|Any CPU.ActiveCfg = Release|Any CPU
		{DBED01FA-6115-4DA2-A7EE-20A623F433A8}.Release|Any CPU.Build.0 = Release|Any CPU
		{CEB654FE-F070-4AFE-9E39-5A15CE82E6AB}.Debug|Any CPU.ActiveCfg = Debug|Any CPU
		{CEB654FE-F070-4AFE-9E39-5A15CE82E6AB}.Debug|Any CPU.Build.0 = Debug|Any CPU
		{CEB654FE-F070-4AFE-9E39-5A15CE82E6AB}.Release|Any CPU.ActiveCfg = Release|Any CPU
		{CEB654FE-F070-4AFE-9E39-5A15CE82E6AB}.Release|Any CPU.Build.0 = Release|Any CPU
	EndGlobalSection
	GlobalSection(SolutionProperties) = preSolution
		HideSolutionNode = FALSE
	EndGlobalSection
	GlobalSection(ExtensibilityGlobals) = postSolution
		SolutionGuid = {C23706D2-90B2-420C-85F6-F2561545195A}
	EndGlobalSection
EndGlobal
